// !$*UTF8*$!
{
	archiveVersion = 1;
	classes = {
	};
	objectVersion = 51;
	objects = {

/* Begin PBXBuildFile section */
		542CD88623C6D3D80015A545 /* LogoCell.swift in Sources */ = {isa = PBXBuildFile; fileRef = 542CD88423C6D3D80015A545 /* LogoCell.swift */; };
		542CD88723C6D3D80015A545 /* LogoCell.xib in Resources */ = {isa = PBXBuildFile; fileRef = 542CD88523C6D3D80015A545 /* LogoCell.xib */; };
		5452843F23C451D900824620 /* AppDelegate.swift in Sources */ = {isa = PBXBuildFile; fileRef = 5452843E23C451D900824620 /* AppDelegate.swift */; };
		5452844123C451D900824620 /* SceneDelegate.swift in Sources */ = {isa = PBXBuildFile; fileRef = 5452844023C451D900824620 /* SceneDelegate.swift */; };
		5452844323C451D900824620 /* ViewController.swift in Sources */ = {isa = PBXBuildFile; fileRef = 5452844223C451D900824620 /* ViewController.swift */; };
		5452844823C451D900824620 /* Assets.xcassets in Resources */ = {isa = PBXBuildFile; fileRef = 5452844723C451D900824620 /* Assets.xcassets */; };
		5452844B23C451D900824620 /* LaunchScreen.storyboard in Resources */ = {isa = PBXBuildFile; fileRef = 5452844923C451D900824620 /* LaunchScreen.storyboard */; };
		5452845623C451D900824620 /* BillTests.swift in Sources */ = {isa = PBXBuildFile; fileRef = 5452845523C451D900824620 /* BillTests.swift */; };
		54A8608223C45C6700CF9F70 /* AlipayViewController.swift in Sources */ = {isa = PBXBuildFile; fileRef = 54A8608123C45C6700CF9F70 /* AlipayViewController.swift */; };
		54A8608423C45C7400CF9F70 /* WechatViewController.swift in Sources */ = {isa = PBXBuildFile; fileRef = 54A8608323C45C7400CF9F70 /* WechatViewController.swift */; };
		54A8608623C4693100CF9F70 /* WechatViewController.storyboard in Resources */ = {isa = PBXBuildFile; fileRef = 54A8608523C4693100CF9F70 /* WechatViewController.storyboard */; };
		54A8608823C4697C00CF9F70 /* Help.swift in Sources */ = {isa = PBXBuildFile; fileRef = 54A8608723C4697C00CF9F70 /* Help.swift */; };
		54A8608A23C46AD600CF9F70 /* AlipayViewController.storyboard in Resources */ = {isa = PBXBuildFile; fileRef = 54A8608923C46AD600CF9F70 /* AlipayViewController.storyboard */; };
		54D22D8423C5CBCF007F5B5A /* LogoGallery.swift in Sources */ = {isa = PBXBuildFile; fileRef = 54D22D8323C5CBCF007F5B5A /* LogoGallery.swift */; };
		54D22D8723C5D6F9007F5B5A /* PathKit.swift in Sources */ = {isa = PBXBuildFile; fileRef = 54D22D8623C5D6F9007F5B5A /* PathKit.swift */; };
		D1FB74221E4387F046949CD8 /* Pods_BillTests.framework in Frameworks */ = {isa = PBXBuildFile; fileRef = F9AA1CAB4F760D2034067A0D /* Pods_BillTests.framework */; };
		F3BFA05FB0C1BB620B2984B9 /* Pods_Bill.framework in Frameworks */ = {isa = PBXBuildFile; fileRef = 089CD07F803C2428B0B93C1E /* Pods_Bill.framework */; };
/* End PBXBuildFile section */

/* Begin PBXContainerItemProxy section */
		5452845223C451D900824620 /* PBXContainerItemProxy */ = {
			isa = PBXContainerItemProxy;
			containerPortal = 5452843323C451D900824620 /* Project object */;
			proxyType = 1;
			remoteGlobalIDString = 5452843A23C451D900824620;
			remoteInfo = Bill;
		};
/* End PBXContainerItemProxy section */

/* Begin PBXFileReference section */
		089CD07F803C2428B0B93C1E /* Pods_Bill.framework */ = {isa = PBXFileReference; explicitFileType = wrapper.framework; includeInIndex = 0; path = Pods_Bill.framework; sourceTree = BUILT_PRODUCTS_DIR; };
		542CD88423C6D3D80015A545 /* LogoCell.swift */ = {isa = PBXFileReference; lastKnownFileType = sourcecode.swift; path = LogoCell.swift; sourceTree = "<group>"; };
		542CD88523C6D3D80015A545 /* LogoCell.xib */ = {isa = PBXFileReference; lastKnownFileType = file.xib; path = LogoCell.xib; sourceTree = "<group>"; };
		5452843B23C451D900824620 /* Bill.app */ = {isa = PBXFileReference; explicitFileType = wrapper.application; includeInIndex = 0; path = Bill.app; sourceTree = BUILT_PRODUCTS_DIR; };
		5452843E23C451D900824620 /* AppDelegate.swift */ = {isa = PBXFileReference; lastKnownFileType = sourcecode.swift; path = AppDelegate.swift; sourceTree = "<group>"; };
		5452844023C451D900824620 /* SceneDelegate.swift */ = {isa = PBXFileReference; lastKnownFileType = sourcecode.swift; path = SceneDelegate.swift; sourceTree = "<group>"; };
		5452844223C451D900824620 /* ViewController.swift */ = {isa = PBXFileReference; lastKnownFileType = sourcecode.swift; path = ViewController.swift; sourceTree = "<group>"; };
		5452844723C451D900824620 /* Assets.xcassets */ = {isa = PBXFileReference; lastKnownFileType = folder.assetcatalog; path = Assets.xcassets; sourceTree = "<group>"; };
		5452844A23C451D900824620 /* Base */ = {isa = PBXFileReference; lastKnownFileType = file.storyboard; name = Base; path = Base.lproj/LaunchScreen.storyboard; sourceTree = "<group>"; };
		5452844C23C451D900824620 /* Info.plist */ = {isa = PBXFileReference; lastKnownFileType = text.plist.xml; path = Info.plist; sourceTree = "<group>"; };
		5452845123C451D900824620 /* BillTests.xctest */ = {isa = PBXFileReference; explicitFileType = wrapper.cfbundle; includeInIndex = 0; path = BillTests.xctest; sourceTree = BUILT_PRODUCTS_DIR; };
		5452845523C451D900824620 /* BillTests.swift */ = {isa = PBXFileReference; lastKnownFileType = sourcecode.swift; path = BillTests.swift; sourceTree = "<group>"; };
		5452845723C451D900824620 /* Info.plist */ = {isa = PBXFileReference; lastKnownFileType = text.plist.xml; path = Info.plist; sourceTree = "<group>"; };
		54A8608123C45C6700CF9F70 /* AlipayViewController.swift */ = {isa = PBXFileReference; lastKnownFileType = sourcecode.swift; path = AlipayViewController.swift; sourceTree = "<group>"; };
		54A8608323C45C7400CF9F70 /* WechatViewController.swift */ = {isa = PBXFileReference; lastKnownFileType = sourcecode.swift; path = WechatViewController.swift; sourceTree = "<group>"; };
		54A8608523C4693100CF9F70 /* WechatViewController.storyboard */ = {isa = PBXFileReference; lastKnownFileType = file.storyboard; path = WechatViewController.storyboard; sourceTree = "<group>"; };
		54A8608723C4697C00CF9F70 /* Help.swift */ = {isa = PBXFileReference; lastKnownFileType = sourcecode.swift; path = Help.swift; sourceTree = "<group>"; };
		54A8608923C46AD600CF9F70 /* AlipayViewController.storyboard */ = {isa = PBXFileReference; lastKnownFileType = file.storyboard; path = AlipayViewController.storyboard; sourceTree = "<group>"; };
		54D22D5A23C5BA11007F5B5A /* zh-Hans */ = {isa = PBXFileReference; lastKnownFileType = text.plist.strings; name = "zh-Hans"; path = "zh-Hans.lproj/LaunchScreen.strings"; sourceTree = "<group>"; };
		54D22D8323C5CBCF007F5B5A /* LogoGallery.swift */ = {isa = PBXFileReference; lastKnownFileType = sourcecode.swift; path = LogoGallery.swift; sourceTree = "<group>"; };
		54D22D8623C5D6F9007F5B5A /* PathKit.swift */ = {isa = PBXFileReference; fileEncoding = 4; lastKnownFileType = sourcecode.swift; path = PathKit.swift; sourceTree = "<group>"; };
		A7A7CA6E005F559DE0B05FA7 /* Pods-BillTests.release.xcconfig */ = {isa = PBXFileReference; includeInIndex = 1; lastKnownFileType = text.xcconfig; name = "Pods-BillTests.release.xcconfig"; path = "Target Support Files/Pods-BillTests/Pods-BillTests.release.xcconfig"; sourceTree = "<group>"; };
		C0755B5FC6EB0500DAD3CD44 /* Pods-BillTests.debug.xcconfig */ = {isa = PBXFileReference; includeInIndex = 1; lastKnownFileType = text.xcconfig; name = "Pods-BillTests.debug.xcconfig"; path = "Target Support Files/Pods-BillTests/Pods-BillTests.debug.xcconfig"; sourceTree = "<group>"; };
		C4A767A5407D27D1E67FAC5F /* Pods-Bill.debug.xcconfig */ = {isa = PBXFileReference; includeInIndex = 1; lastKnownFileType = text.xcconfig; name = "Pods-Bill.debug.xcconfig"; path = "Target Support Files/Pods-Bill/Pods-Bill.debug.xcconfig"; sourceTree = "<group>"; };
		ED8310F9A2A5461204CFFCE8 /* Pods-Bill.release.xcconfig */ = {isa = PBXFileReference; includeInIndex = 1; lastKnownFileType = text.xcconfig; name = "Pods-Bill.release.xcconfig"; path = "Target Support Files/Pods-Bill/Pods-Bill.release.xcconfig"; sourceTree = "<group>"; };
		F9AA1CAB4F760D2034067A0D /* Pods_BillTests.framework */ = {isa = PBXFileReference; explicitFileType = wrapper.framework; includeInIndex = 0; path = Pods_BillTests.framework; sourceTree = BUILT_PRODUCTS_DIR; };
/* End PBXFileReference section */

/* Begin PBXFrameworksBuildPhase section */
		5452843823C451D900824620 /* Frameworks */ = {
			isa = PBXFrameworksBuildPhase;
			buildActionMask = 2147483647;
			files = (
				F3BFA05FB0C1BB620B2984B9 /* Pods_Bill.framework in Frameworks */,
			);
			runOnlyForDeploymentPostprocessing = 0;
		};
		5452844E23C451D900824620 /* Frameworks */ = {
			isa = PBXFrameworksBuildPhase;
			buildActionMask = 2147483647;
			files = (
				D1FB74221E4387F046949CD8 /* Pods_BillTests.framework in Frameworks */,
			);
			runOnlyForDeploymentPostprocessing = 0;
		};
/* End PBXFrameworksBuildPhase section */

/* Begin PBXGroup section */
		316245F0628323E0A4748BB5 /* Frameworks */ = {
			isa = PBXGroup;
			children = (
				089CD07F803C2428B0B93C1E /* Pods_Bill.framework */,
				F9AA1CAB4F760D2034067A0D /* Pods_BillTests.framework */,
			);
			name = Frameworks;
			sourceTree = "<group>";
		};
		5452843223C451D900824620 = {
			isa = PBXGroup;
			children = (
				5452843D23C451D900824620 /* Bill */,
				5452845423C451D900824620 /* BillTests */,
				5452843C23C451D900824620 /* Products */,
				E72E933E021FDC98799B0D92 /* Pods */,
				316245F0628323E0A4748BB5 /* Frameworks */,
			);
			sourceTree = "<group>";
		};
		5452843C23C451D900824620 /* Products */ = {
			isa = PBXGroup;
			children = (
				5452843B23C451D900824620 /* Bill.app */,
				5452845123C451D900824620 /* BillTests.xctest */,
			);
			name = Products;
			sourceTree = "<group>";
		};
		5452843D23C451D900824620 /* Bill */ = {
			isa = PBXGroup;
			children = (
				54CC71F423C6CE3900780A0E /* Global */,
				54CC71F323C6CDFF00780A0E /* Main */,
				54D22D8523C5D6E8007F5B5A /* utity */,
				54D22D5B23C5C62F007F5B5A /* resource */,
				54A8608C23C46AF200CF9F70 /* Wechat */,
				54A8608B23C46AE700CF9F70 /* Alipay */,
				5452844723C451D900824620 /* Assets.xcassets */,
				5452844C23C451D900824620 /* Info.plist */,
			);
			path = Bill;
			sourceTree = "<group>";
		};
		5452845423C451D900824620 /* BillTests */ = {
			isa = PBXGroup;
			children = (
				5452845523C451D900824620 /* BillTests.swift */,
				5452845723C451D900824620 /* Info.plist */,
			);
			path = BillTests;
			sourceTree = "<group>";
		};
		54A8608B23C46AE700CF9F70 /* Alipay */ = {
			isa = PBXGroup;
			children = (
				54A8608123C45C6700CF9F70 /* AlipayViewController.swift */,
				54A8608923C46AD600CF9F70 /* AlipayViewController.storyboard */,
			);
			path = Alipay;
			sourceTree = "<group>";
		};
		54A8608C23C46AF200CF9F70 /* Wechat */ = {
			isa = PBXGroup;
			children = (
				54A8608523C4693100CF9F70 /* WechatViewController.storyboard */,
				54A8608323C45C7400CF9F70 /* WechatViewController.swift */,
			);
			path = Wechat;
			sourceTree = "<group>";
		};
		54CC71F323C6CDFF00780A0E /* Main */ = {
			isa = PBXGroup;
			children = (
				5452843E23C451D900824620 /* AppDelegate.swift */,
				5452844023C451D900824620 /* SceneDelegate.swift */,
				5452844223C451D900824620 /* ViewController.swift */,
				5452844923C451D900824620 /* LaunchScreen.storyboard */,
			);
			path = Main;
			sourceTree = "<group>";
		};
		54CC71F423C6CE3900780A0E /* Global */ = {
			isa = PBXGroup;
			children = (
				54D22D8323C5CBCF007F5B5A /* LogoGallery.swift */,
				542CD88423C6D3D80015A545 /* LogoCell.swift */,
				542CD88523C6D3D80015A545 /* LogoCell.xib */,
			);
			path = Global;
			sourceTree = "<group>";
		};
		54D22D5B23C5C62F007F5B5A /* resource */ = {
			isa = PBXGroup;
			children = (
				54D22D5C23C5C63A007F5B5A /* logos */,
			);
			path = resource;
			sourceTree = "<group>";
		};
		54D22D5C23C5C63A007F5B5A /* logos */ = {
			isa = PBXGroup;
			children = (
			);
			path = logos;
			sourceTree = "<group>";
		};
		54D22D8523C5D6E8007F5B5A /* utity */ = {
			isa = PBXGroup;
			children = (
				54A8608723C4697C00CF9F70 /* Help.swift */,
				54D22D8623C5D6F9007F5B5A /* PathKit.swift */,
			);
			path = utity;
			sourceTree = "<group>";
		};
		E72E933E021FDC98799B0D92 /* Pods */ = {
			isa = PBXGroup;
			children = (
				C4A767A5407D27D1E67FAC5F /* Pods-Bill.debug.xcconfig */,
				ED8310F9A2A5461204CFFCE8 /* Pods-Bill.release.xcconfig */,
				C0755B5FC6EB0500DAD3CD44 /* Pods-BillTests.debug.xcconfig */,
				A7A7CA6E005F559DE0B05FA7 /* Pods-BillTests.release.xcconfig */,
			);
			path = Pods;
			sourceTree = "<group>";
		};
/* End PBXGroup section */

/* Begin PBXNativeTarget section */
		5452843A23C451D900824620 /* Bill */ = {
			isa = PBXNativeTarget;
			buildConfigurationList = 5452845A23C451D900824620 /* Build configuration list for PBXNativeTarget "Bill" */;
			buildPhases = (
				087F670BC4188A49A33A7C98 /* [CP] Check Pods Manifest.lock */,
				5452843723C451D900824620 /* Sources */,
				5452843823C451D900824620 /* Frameworks */,
				5452843923C451D900824620 /* Resources */,
				3528CDDF328385CA4EB69468 /* [CP] Embed Pods Frameworks */,
			);
			buildRules = (
			);
			dependencies = (
			);
			name = Bill;
			productName = Bill;
			productReference = 5452843B23C451D900824620 /* Bill.app */;
			productType = "com.apple.product-type.application";
		};
		5452845023C451D900824620 /* BillTests */ = {
			isa = PBXNativeTarget;
			buildConfigurationList = 5452845D23C451D900824620 /* Build configuration list for PBXNativeTarget "BillTests" */;
			buildPhases = (
				476416EB4ADEF1F655F52F37 /* [CP] Check Pods Manifest.lock */,
				5452844D23C451D900824620 /* Sources */,
				5452844E23C451D900824620 /* Frameworks */,
				5452844F23C451D900824620 /* Resources */,
			);
			buildRules = (
			);
			dependencies = (
				5452845323C451D900824620 /* PBXTargetDependency */,
			);
			name = BillTests;
			productName = BillTests;
			productReference = 5452845123C451D900824620 /* BillTests.xctest */;
			productType = "com.apple.product-type.bundle.unit-test";
		};
/* End PBXNativeTarget section */

/* Begin PBXProject section */
		5452843323C451D900824620 /* Project object */ = {
			isa = PBXProject;
			attributes = {
				LastSwiftUpdateCheck = 1130;
				LastUpgradeCheck = 1130;
				ORGANIZATIONNAME = Thoughtworks;
				TargetAttributes = {
					5452843A23C451D900824620 = {
						CreatedOnToolsVersion = 11.3;
					};
					5452845023C451D900824620 = {
						CreatedOnToolsVersion = 11.3;
						TestTargetID = 5452843A23C451D900824620;
					};
				};
			};
			buildConfigurationList = 5452843623C451D900824620 /* Build configuration list for PBXProject "Bill" */;
			compatibilityVersion = "Xcode 9.3";
			developmentRegion = en;
			hasScannedForEncodings = 0;
			knownRegions = (
				en,
				Base,
				"zh-Hans",
			);
			mainGroup = 5452843223C451D900824620;
			productRefGroup = 5452843C23C451D900824620 /* Products */;
			projectDirPath = "";
			projectRoot = "";
			targets = (
				5452843A23C451D900824620 /* Bill */,
				5452845023C451D900824620 /* BillTests */,
			);
		};
/* End PBXProject section */

/* Begin PBXResourcesBuildPhase section */
		5452843923C451D900824620 /* Resources */ = {
			isa = PBXResourcesBuildPhase;
			buildActionMask = 2147483647;
			files = (
				5452844B23C451D900824620 /* LaunchScreen.storyboard in Resources */,
				54A8608A23C46AD600CF9F70 /* AlipayViewController.storyboard in Resources */,
				54A8608623C4693100CF9F70 /* WechatViewController.storyboard in Resources */,
				542CD88723C6D3D80015A545 /* LogoCell.xib in Resources */,
				5452844823C451D900824620 /* Assets.xcassets in Resources */,
			);
			runOnlyForDeploymentPostprocessing = 0;
		};
		5452844F23C451D900824620 /* Resources */ = {
			isa = PBXResourcesBuildPhase;
			buildActionMask = 2147483647;
			files = (
			);
			runOnlyForDeploymentPostprocessing = 0;
		};
/* End PBXResourcesBuildPhase section */

/* Begin PBXShellScriptBuildPhase section */
		087F670BC4188A49A33A7C98 /* [CP] Check Pods Manifest.lock */ = {
			isa = PBXShellScriptBuildPhase;
			buildActionMask = 2147483647;
			files = (
			);
			inputFileListPaths = (
			);
			inputPaths = (
				"${PODS_PODFILE_DIR_PATH}/Podfile.lock",
				"${PODS_ROOT}/Manifest.lock",
			);
			name = "[CP] Check Pods Manifest.lock";
			outputFileListPaths = (
			);
			outputPaths = (
				"$(DERIVED_FILE_DIR)/Pods-Bill-checkManifestLockResult.txt",
			);
			runOnlyForDeploymentPostprocessing = 0;
			shellPath = /bin/sh;
			shellScript = "diff \"${PODS_PODFILE_DIR_PATH}/Podfile.lock\" \"${PODS_ROOT}/Manifest.lock\" > /dev/null\nif [ $? != 0 ] ; then\n    # print error to STDERR\n    echo \"error: The sandbox is not in sync with the Podfile.lock. Run 'pod install' or update your CocoaPods installation.\" >&2\n    exit 1\nfi\n# This output is used by Xcode 'outputs' to avoid re-running this script phase.\necho \"SUCCESS\" > \"${SCRIPT_OUTPUT_FILE_0}\"\n";
			showEnvVarsInLog = 0;
		};
		3528CDDF328385CA4EB69468 /* [CP] Embed Pods Frameworks */ = {
			isa = PBXShellScriptBuildPhase;
			buildActionMask = 2147483647;
			files = (
			);
			inputFileListPaths = (
				"${PODS_ROOT}/Target Support Files/Pods-Bill/Pods-Bill-frameworks-${CONFIGURATION}-input-files.xcfilelist",
			);
			name = "[CP] Embed Pods Frameworks";
			outputFileListPaths = (
				"${PODS_ROOT}/Target Support Files/Pods-Bill/Pods-Bill-frameworks-${CONFIGURATION}-output-files.xcfilelist",
			);
			runOnlyForDeploymentPostprocessing = 0;
			shellPath = /bin/sh;
			shellScript = "\"${PODS_ROOT}/Target Support Files/Pods-Bill/Pods-Bill-frameworks.sh\"\n";
			showEnvVarsInLog = 0;
		};
		476416EB4ADEF1F655F52F37 /* [CP] Check Pods Manifest.lock */ = {
			isa = PBXShellScriptBuildPhase;
			buildActionMask = 2147483647;
			files = (
			);
			inputFileListPaths = (
			);
			inputPaths = (
				"${PODS_PODFILE_DIR_PATH}/Podfile.lock",
				"${PODS_ROOT}/Manifest.lock",
			);
			name = "[CP] Check Pods Manifest.lock";
			outputFileListPaths = (
			);
			outputPaths = (
				"$(DERIVED_FILE_DIR)/Pods-BillTests-checkManifestLockResult.txt",
			);
			runOnlyForDeploymentPostprocessing = 0;
			shellPath = /bin/sh;
			shellScript = "diff \"${PODS_PODFILE_DIR_PATH}/Podfile.lock\" \"${PODS_ROOT}/Manifest.lock\" > /dev/null\nif [ $? != 0 ] ; then\n    # print error to STDERR\n    echo \"error: The sandbox is not in sync with the Podfile.lock. Run 'pod install' or update your CocoaPods installation.\" >&2\n    exit 1\nfi\n# This output is used by Xcode 'outputs' to avoid re-running this script phase.\necho \"SUCCESS\" > \"${SCRIPT_OUTPUT_FILE_0}\"\n";
			showEnvVarsInLog = 0;
		};
/* End PBXShellScriptBuildPhase section */

/* Begin PBXSourcesBuildPhase section */
		5452843723C451D900824620 /* Sources */ = {
			isa = PBXSourcesBuildPhase;
			buildActionMask = 2147483647;
			files = (
				54A8608223C45C6700CF9F70 /* AlipayViewController.swift in Sources */,
				54A8608423C45C7400CF9F70 /* WechatViewController.swift in Sources */,
				54A8608823C4697C00CF9F70 /* Help.swift in Sources */,
				5452844323C451D900824620 /* ViewController.swift in Sources */,
				5452843F23C451D900824620 /* AppDelegate.swift in Sources */,
				54D22D8723C5D6F9007F5B5A /* PathKit.swift in Sources */,
				54D22D8423C5CBCF007F5B5A /* LogoGallery.swift in Sources */,
				5452844123C451D900824620 /* SceneDelegate.swift in Sources */,
				542CD88623C6D3D80015A545 /* LogoCell.swift in Sources */,
			);
			runOnlyForDeploymentPostprocessing = 0;
		};
		5452844D23C451D900824620 /* Sources */ = {
			isa = PBXSourcesBuildPhase;
			buildActionMask = 2147483647;
			files = (
				5452845623C451D900824620 /* BillTests.swift in Sources */,
			);
			runOnlyForDeploymentPostprocessing = 0;
		};
/* End PBXSourcesBuildPhase section */

/* Begin PBXTargetDependency section */
		5452845323C451D900824620 /* PBXTargetDependency */ = {
			isa = PBXTargetDependency;
			target = 5452843A23C451D900824620 /* Bill */;
			targetProxy = 5452845223C451D900824620 /* PBXContainerItemProxy */;
		};
/* End PBXTargetDependency section */

/* Begin PBXVariantGroup section */
		5452844923C451D900824620 /* LaunchScreen.storyboard */ = {
			isa = PBXVariantGroup;
			children = (
				5452844A23C451D900824620 /* Base */,
				54D22D5A23C5BA11007F5B5A /* zh-Hans */,
			);
			name = LaunchScreen.storyboard;
			sourceTree = "<group>";
		};
/* End PBXVariantGroup section */

/* Begin XCBuildConfiguration section */
		5452845823C451D900824620 /* Debug */ = {
			isa = XCBuildConfiguration;
			buildSettings = {
				ALWAYS_SEARCH_USER_PATHS = NO;
				CLANG_ANALYZER_LOCALIZABILITY_NONLOCALIZED = YES;
				CLANG_ANALYZER_NONNULL = YES;
				CLANG_ANALYZER_NUMBER_OBJECT_CONVERSION = YES_AGGRESSIVE;
				CLANG_CXX_LANGUAGE_STANDARD = "gnu++14";
				CLANG_CXX_LIBRARY = "libc++";
				CLANG_ENABLE_MODULES = YES;
				CLANG_ENABLE_OBJC_ARC = YES;
				CLANG_ENABLE_OBJC_WEAK = YES;
				CLANG_WARN_BLOCK_CAPTURE_AUTORELEASING = YES;
				CLANG_WARN_BOOL_CONVERSION = YES;
				CLANG_WARN_COMMA = YES;
				CLANG_WARN_CONSTANT_CONVERSION = YES;
				CLANG_WARN_DEPRECATED_OBJC_IMPLEMENTATIONS = YES;
				CLANG_WARN_DIRECT_OBJC_ISA_USAGE = YES_ERROR;
				CLANG_WARN_DOCUMENTATION_COMMENTS = YES;
				CLANG_WARN_EMPTY_BODY = YES;
				CLANG_WARN_ENUM_CONVERSION = YES;
				CLANG_WARN_INFINITE_RECURSION = YES;
				CLANG_WARN_INT_CONVERSION = YES;
				CLANG_WARN_NON_LITERAL_NULL_CONVERSION = YES;
				CLANG_WARN_OBJC_IMPLICIT_RETAIN_SELF = YES;
				CLANG_WARN_OBJC_LITERAL_CONVERSION = YES;
				CLANG_WARN_OBJC_ROOT_CLASS = YES_ERROR;
				CLANG_WARN_RANGE_LOOP_ANALYSIS = YES;
				CLANG_WARN_STRICT_PROTOTYPES = YES;
				CLANG_WARN_SUSPICIOUS_MOVE = YES;
				CLANG_WARN_UNGUARDED_AVAILABILITY = YES_AGGRESSIVE;
				CLANG_WARN_UNREACHABLE_CODE = YES;
				CLANG_WARN__DUPLICATE_METHOD_MATCH = YES;
				COPY_PHASE_STRIP = NO;
				DEBUG_INFORMATION_FORMAT = dwarf;
				ENABLE_STRICT_OBJC_MSGSEND = YES;
				ENABLE_TESTABILITY = YES;
				GCC_C_LANGUAGE_STANDARD = gnu11;
				GCC_DYNAMIC_NO_PIC = NO;
				GCC_NO_COMMON_BLOCKS = YES;
				GCC_OPTIMIZATION_LEVEL = 0;
				GCC_PREPROCESSOR_DEFINITIONS = (
					"DEBUG=1",
					"$(inherited)",
				);
				GCC_WARN_64_TO_32_BIT_CONVERSION = YES;
				GCC_WARN_ABOUT_RETURN_TYPE = YES_ERROR;
				GCC_WARN_UNDECLARED_SELECTOR = YES;
				GCC_WARN_UNINITIALIZED_AUTOS = YES_AGGRESSIVE;
				GCC_WARN_UNUSED_FUNCTION = YES;
				GCC_WARN_UNUSED_VARIABLE = YES;
				IPHONEOS_DEPLOYMENT_TARGET = 12.0;
				MTL_ENABLE_DEBUG_INFO = INCLUDE_SOURCE;
				MTL_FAST_MATH = YES;
				ONLY_ACTIVE_ARCH = YES;
				SDKROOT = iphoneos;
				SWIFT_ACTIVE_COMPILATION_CONDITIONS = DEBUG;
				SWIFT_OPTIMIZATION_LEVEL = "-Onone";
			};
			name = Debug;
		};
		5452845923C451D900824620 /* Release */ = {
			isa = XCBuildConfiguration;
			buildSettings = {
				ALWAYS_SEARCH_USER_PATHS = NO;
				CLANG_ANALYZER_LOCALIZABILITY_NONLOCALIZED = YES;
				CLANG_ANALYZER_NONNULL = YES;
				CLANG_ANALYZER_NUMBER_OBJECT_CONVERSION = YES_AGGRESSIVE;
				CLANG_CXX_LANGUAGE_STANDARD = "gnu++14";
				CLANG_CXX_LIBRARY = "libc++";
				CLANG_ENABLE_MODULES = YES;
				CLANG_ENABLE_OBJC_ARC = YES;
				CLANG_ENABLE_OBJC_WEAK = YES;
				CLANG_WARN_BLOCK_CAPTURE_AUTORELEASING = YES;
				CLANG_WARN_BOOL_CONVERSION = YES;
				CLANG_WARN_COMMA = YES;
				CLANG_WARN_CONSTANT_CONVERSION = YES;
				CLANG_WARN_DEPRECATED_OBJC_IMPLEMENTATIONS = YES;
				CLANG_WARN_DIRECT_OBJC_ISA_USAGE = YES_ERROR;
				CLANG_WARN_DOCUMENTATION_COMMENTS = YES;
				CLANG_WARN_EMPTY_BODY = YES;
				CLANG_WARN_ENUM_CONVERSION = YES;
				CLANG_WARN_INFINITE_RECURSION = YES;
				CLANG_WARN_INT_CONVERSION = YES;
				CLANG_WARN_NON_LITERAL_NULL_CONVERSION = YES;
				CLANG_WARN_OBJC_IMPLICIT_RETAIN_SELF = YES;
				CLANG_WARN_OBJC_LITERAL_CONVERSION = YES;
				CLANG_WARN_OBJC_ROOT_CLASS = YES_ERROR;
				CLANG_WARN_RANGE_LOOP_ANALYSIS = YES;
				CLANG_WARN_STRICT_PROTOTYPES = YES;
				CLANG_WARN_SUSPICIOUS_MOVE = YES;
				CLANG_WARN_UNGUARDED_AVAILABILITY = YES_AGGRESSIVE;
				CLANG_WARN_UNREACHABLE_CODE = YES;
				CLANG_WARN__DUPLICATE_METHOD_MATCH = YES;
				COPY_PHASE_STRIP = NO;
				DEBUG_INFORMATION_FORMAT = "dwarf-with-dsym";
				ENABLE_NS_ASSERTIONS = NO;
				ENABLE_STRICT_OBJC_MSGSEND = YES;
				GCC_C_LANGUAGE_STANDARD = gnu11;
				GCC_NO_COMMON_BLOCKS = YES;
				GCC_WARN_64_TO_32_BIT_CONVERSION = YES;
				GCC_WARN_ABOUT_RETURN_TYPE = YES_ERROR;
				GCC_WARN_UNDECLARED_SELECTOR = YES;
				GCC_WARN_UNINITIALIZED_AUTOS = YES_AGGRESSIVE;
				GCC_WARN_UNUSED_FUNCTION = YES;
				GCC_WARN_UNUSED_VARIABLE = YES;
				IPHONEOS_DEPLOYMENT_TARGET = 12.0;
				MTL_ENABLE_DEBUG_INFO = NO;
				MTL_FAST_MATH = YES;
				SDKROOT = iphoneos;
				SWIFT_COMPILATION_MODE = wholemodule;
				SWIFT_OPTIMIZATION_LEVEL = "-O";
				VALIDATE_PRODUCT = YES;
			};
			name = Release;
		};
		5452845B23C451D900824620 /* Debug */ = {
			isa = XCBuildConfiguration;
			baseConfigurationReference = C4A767A5407D27D1E67FAC5F /* Pods-Bill.debug.xcconfig */;
			buildSettings = {
				ASSETCATALOG_COMPILER_APPICON_NAME = AppIcon;
				CODE_SIGN_STYLE = Automatic;
				DEVELOPMENT_TEAM = JWNGZ2Y3DW;
				INFOPLIST_FILE = Bill/Info.plist;
				LD_RUNPATH_SEARCH_PATHS = (
					"$(inherited)",
					"@executable_path/Frameworks",
				);
				PRODUCT_BUNDLE_IDENTIFIER = com.thoughtworks.Bill;
				PRODUCT_NAME = "$(TARGET_NAME)";
				SWIFT_VERSION = 5.0;
				TARGETED_DEVICE_FAMILY = "1,2";
			};
			name = Debug;
		};
		5452845C23C451D900824620 /* Release */ = {
			isa = XCBuildConfiguration;
			baseConfigurationReference = ED8310F9A2A5461204CFFCE8 /* Pods-Bill.release.xcconfig */;
			buildSettings = {
				ASSETCATALOG_COMPILER_APPICON_NAME = AppIcon;
				CODE_SIGN_STYLE = Automatic;
				DEVELOPMENT_TEAM = JWNGZ2Y3DW;
				INFOPLIST_FILE = Bill/Info.plist;
				LD_RUNPATH_SEARCH_PATHS = (
					"$(inherited)",
					"@executable_path/Frameworks",
				);
				PRODUCT_BUNDLE_IDENTIFIER = com.thoughtworks.Bill;
				PRODUCT_NAME = "$(TARGET_NAME)";
				SWIFT_VERSION = 5.0;
				TARGETED_DEVICE_FAMILY = "1,2";
			};
			name = Release;
		};
		5452845E23C451D900824620 /* Debug */ = {
			isa = XCBuildConfiguration;
			baseConfigurationReference = C0755B5FC6EB0500DAD3CD44 /* Pods-BillTests.debug.xcconfig */;
			buildSettings = {
				ALWAYS_EMBED_SWIFT_STANDARD_LIBRARIES = YES;
				BUNDLE_LOADER = "$(TEST_HOST)";
				CODE_SIGN_STYLE = Automatic;
				DEVELOPMENT_TEAM = JWNGZ2Y3DW;
				INFOPLIST_FILE = BillTests/Info.plist;
				IPHONEOS_DEPLOYMENT_TARGET = 13.2;
				LD_RUNPATH_SEARCH_PATHS = (
					"$(inherited)",
					"@executable_path/Frameworks",
					"@loader_path/Frameworks",
				);
				PRODUCT_BUNDLE_IDENTIFIER = com.thoughtworks.BillTests;
				PRODUCT_NAME = "$(TARGET_NAME)";
				SWIFT_VERSION = 5.0;
				TARGETED_DEVICE_FAMILY = "1,2";
				TEST_HOST = "$(BUILT_PRODUCTS_DIR)/Bill.app/Bill";
			};
			name = Debug;
		};
		5452845F23C451D900824620 /* Release */ = {
			isa = XCBuildConfiguration;
			baseConfigurationReference = A7A7CA6E005F559DE0B05FA7 /* Pods-BillTests.release.xcconfig */;
			buildSettings = {
				ALWAYS_EMBED_SWIFT_STANDARD_LIBRARIES = YES;
				BUNDLE_LOADER = "$(TEST_HOST)";
				CODE_SIGN_STYLE = Automatic;
				DEVELOPMENT_TEAM = JWNGZ2Y3DW;
				INFOPLIST_FILE = BillTests/Info.plist;
				IPHONEOS_DEPLOYMENT_TARGET = 13.2;
				LD_RUNPATH_SEARCH_PATHS = (
					"$(inherited)",
					"@executable_path/Frameworks",
					"@loader_path/Frameworks",
				);
				PRODUCT_BUNDLE_IDENTIFIER = com.thoughtworks.BillTests;
				PRODUCT_NAME = "$(TARGET_NAME)";
				SWIFT_VERSION = 5.0;
				TARGETED_DEVICE_FAMILY = "1,2";
				TEST_HOST = "$(BUILT_PRODUCTS_DIR)/Bill.app/Bill";
			};
			name = Release;
		};
/* End XCBuildConfiguration section */

/* Begin XCConfigurationList section */
		5452843623C451D900824620 /* Build configuration list for PBXProject "Bill" */ = {
			isa = XCConfigurationList;
			buildConfigurations = (
				5452845823C451D900824620 /* Debug */,
				5452845923C451D900824620 /* Release */,
			);
			defaultConfigurationIsVisible = 0;
			defaultConfigurationName = Release;
		};
		5452845A23C451D900824620 /* Build configuration list for PBXNativeTarget "Bill" */ = {
			isa = XCConfigurationList;
			buildConfigurations = (
				5452845B23C451D900824620 /* Debug */,
				5452845C23C451D900824620 /* Release */,
			);
			defaultConfigurationIsVisible = 0;
			defaultConfigurationName = Release;
		};
		5452845D23C451D900824620 /* Build configuration list for PBXNativeTarget "BillTests" */ = {
			isa = XCConfigurationList;
			buildConfigurations = (
				5452845E23C451D900824620 /* Debug */,
				5452845F23C451D900824620 /* Release */,
			);
			defaultConfigurationIsVisible = 0;
			defaultConfigurationName = Release;
		};
/* End XCConfigurationList section */
	};
	rootObject = 5452843323C451D900824620 /* Project object */;
}
